
Microsoft Visual Studio Solution File, Format Version 12.00
# Visual Studio Version 17
VisualStudioVersion = 17.2.32526.322
MinimumVisualStudioVersion = 10.0.40219.1
Project("{FAE04EC0-301F-11D3-BF4B-00C04F79EFBC}") = "texteditor", "texteditor\texteditor.csproj", "{5C2D3756-49A4-440A-8C38-92D7CD3C77BE}"
EndProject
Global
	GlobalSection(SolutionConfigurationPlatforms) = preSolution
		Debug|Any CPU = Debug|Any CPU
		Release|Any CPU = Release|Any CPU
	EndGlobalSection
	GlobalSection(ProjectConfigurationPlatforms) = postSolution
		{5C2D3756-49A4-440A-8C38-92D7CD3C77BE}.Debug|Any CPU.ActiveCfg = Debug|Any CPU
		{5C2D3756-49A4-440A-8C38-92D7CD3C77BE}.Debug|Any CPU.Build.0 = Debug|Any CPU
		{5C2D3756-49A4-440A-8C38-92D7CD3C77BE}.Release|Any CPU.ActiveCfg = Release|Any CPU
		{5C2D3756-49A4-440A-8C38-92D7CD3C77BE}.Release|Any CPU.Build.0 = Release|Any CPU
	EndGlobalSection
	GlobalSection(SolutionProperties) = preSolution
		HideSolutionNode = FALSE
	EndGlobalSection
	GlobalSection(ExtensibilityGlobals) = postSolution
		SolutionGuid = {E8585C1F-C19A-483F-BFAA-5F33695F8321}
	EndGlobalSection
EndGlobal
